{
  "name": "vrpinstances",
  "version": "1.0.1",
  "lockfileVersion": 1,
  "requires": true,
  "dependencies": {
    "vrptojson": {
      "version": "1.0.1",
      "resolved": "https://registry.npmjs.org/vrptojson/-/vrptojson-1.0.1.tgz",
      "integrity": "sha512-+DX9tWt/ksgb6sIbA4kq3ThMAXjANZnpebSjVnQsfIQzD4o1Cu6ZNnbMQYgp5Zh2F6PbL7ZLwT9R3Vf+/4tYxg=="
    }
  }
}
